
Microsoft Visual Studio Solution File, Format Version 12.00
# Visual Studio 14
VisualStudioVersion = 14.0.25123.0
MinimumVisualStudioVersion = 10.0.40219.1
Project("{8BC9CEB8-8B4A-11D0-8D11-00A0C91BC942}") = "Sample", "Sample\Sample.vcxproj", "{473AB153-B967-422F-BB28-DB1D52362AC4}"
EndProject
Project("{8BC9CEB8-8B4A-11D0-8D11-00A0C91BC942}") = "WinRTStrings", "WinRTStrings\WinRTStrings.vcxproj", "{B5803868-D010-4491-B65E-AE58DF9D427F}"
EndProject
Project("{8BC9CEB8-8B4A-11D0-8D11-00A0C91BC942}") = "Component", "Component\Component.vcxproj", "{97AE3B9B-B89A-460D-9995-ADC1BA594DC6}"
EndProject
Project("{8BC9CEB8-8B4A-11D0-8D11-00A0C91BC942}") = "WinRTComActivationConsoleApp", "WinRTComActivationConsoleApp\WinRTComActivationConsoleApp.vcxproj", "{19C76F1B-E238-4E39-90CB-EBC1A8D7AA9D}"
EndProject
Project("{FAE04EC0-301F-11D3-BF4B-00C04F79EFBC}") = "CSharpApp", "CSharpApp\CSharpApp.csproj", "{70E5EECC-0846-435F-B517-CA546A15BC02}"
EndProject
Global
	GlobalSection(SolutionConfigurationPlatforms) = preSolution
		Debug|Any CPU = Debug|Any CPU
		Debug|ARM = Debug|ARM
		Debug|x64 = Debug|x64
		Debug|x86 = Debug|x86
		Release|Any CPU = Release|Any CPU
		Release|ARM = Release|ARM
		Release|x64 = Release|x64
		Release|x86 = Release|x86
	EndGlobalSection
	GlobalSection(ProjectConfigurationPlatforms) = postSolution
		{473AB153-B967-422F-BB28-DB1D52362AC4}.Debug|Any CPU.ActiveCfg = Debug|Win32
		{473AB153-B967-422F-BB28-DB1D52362AC4}.Debug|ARM.ActiveCfg = Debug|Win32
		{473AB153-B967-422F-BB28-DB1D52362AC4}.Debug|x64.ActiveCfg = Debug|x64
		{473AB153-B967-422F-BB28-DB1D52362AC4}.Debug|x64.Build.0 = Debug|x64
		{473AB153-B967-422F-BB28-DB1D52362AC4}.Debug|x86.ActiveCfg = Debug|Win32
		{473AB153-B967-422F-BB28-DB1D52362AC4}.Debug|x86.Build.0 = Debug|Win32
		{473AB153-B967-422F-BB28-DB1D52362AC4}.Release|Any CPU.ActiveCfg = Release|Win32
		{473AB153-B967-422F-BB28-DB1D52362AC4}.Release|ARM.ActiveCfg = Release|Win32
		{473AB153-B967-422F-BB28-DB1D52362AC4}.Release|x64.ActiveCfg = Release|x64
		{473AB153-B967-422F-BB28-DB1D52362AC4}.Release|x64.Build.0 = Release|x64
		{473AB153-B967-422F-BB28-DB1D52362AC4}.Release|x86.ActiveCfg = Release|Win32
		{473AB153-B967-422F-BB28-DB1D52362AC4}.Release|x86.Build.0 = Release|Win32
		{B5803868-D010-4491-B65E-AE58DF9D427F}.Debug|Any CPU.ActiveCfg = Debug|Win32
		{B5803868-D010-4491-B65E-AE58DF9D427F}.Debug|ARM.ActiveCfg = Debug|Win32
		{B5803868-D010-4491-B65E-AE58DF9D427F}.Debug|x64.ActiveCfg = Debug|x64
		{B5803868-D010-4491-B65E-AE58DF9D427F}.Debug|x64.Build.0 = Debug|x64
		{B5803868-D010-4491-B65E-AE58DF9D427F}.Debug|x86.ActiveCfg = Debug|Win32
		{B5803868-D010-4491-B65E-AE58DF9D427F}.Debug|x86.Build.0 = Debug|Win32
		{B5803868-D010-4491-B65E-AE58DF9D427F}.Release|Any CPU.ActiveCfg = Release|Win32
		{B5803868-D010-4491-B65E-AE58DF9D427F}.Release|ARM.ActiveCfg = Release|Win32
		{B5803868-D010-4491-B65E-AE58DF9D427F}.Release|x64.ActiveCfg = Release|x64
		{B5803868-D010-4491-B65E-AE58DF9D427F}.Release|x64.Build.0 = Release|x64
		{B5803868-D010-4491-B65E-AE58DF9D427F}.Release|x86.ActiveCfg = Release|Win32
		{B5803868-D010-4491-B65E-AE58DF9D427F}.Release|x86.Build.0 = Release|Win32
		{97AE3B9B-B89A-460D-9995-ADC1BA594DC6}.Debug|Any CPU.ActiveCfg = Debug|Win32
		{97AE3B9B-B89A-460D-9995-ADC1BA594DC6}.Debug|ARM.ActiveCfg = Debug|Win32
		{97AE3B9B-B89A-460D-9995-ADC1BA594DC6}.Debug|x64.ActiveCfg = Debug|x64
		{97AE3B9B-B89A-460D-9995-ADC1BA594DC6}.Debug|x64.Build.0 = Debug|x64
		{97AE3B9B-B89A-460D-9995-ADC1BA594DC6}.Debug|x86.ActiveCfg = Debug|Win32
		{97AE3B9B-B89A-460D-9995-ADC1BA594DC6}.Debug|x86.Build.0 = Debug|Win32
		{97AE3B9B-B89A-460D-9995-ADC1BA594DC6}.Release|Any CPU.ActiveCfg = Release|Win32
		{97AE3B9B-B89A-460D-9995-ADC1BA594DC6}.Release|ARM.ActiveCfg = Release|Win32
		{97AE3B9B-B89A-460D-9995-ADC1BA594DC6}.Release|x64.ActiveCfg = Release|x64
		{97AE3B9B-B89A-460D-9995-ADC1BA594DC6}.Release|x64.Build.0 = Release|x64
		{97AE3B9B-B89A-460D-9995-ADC1BA594DC6}.Release|x86.ActiveCfg = Release|Win32
		{97AE3B9B-B89A-460D-9995-ADC1BA594DC6}.Release|x86.Build.0 = Release|Win32
		{19C76F1B-E238-4E39-90CB-EBC1A8D7AA9D}.Debug|Any CPU.ActiveCfg = Debug|Win32
		{19C76F1B-E238-4E39-90CB-EBC1A8D7AA9D}.Debug|ARM.ActiveCfg = Debug|Win32
		{19C76F1B-E238-4E39-90CB-EBC1A8D7AA9D}.Debug|x64.ActiveCfg = Debug|x64
		{19C76F1B-E238-4E39-90CB-EBC1A8D7AA9D}.Debug|x64.Build.0 = Debug|x64
		{19C76F1B-E238-4E39-90CB-EBC1A8D7AA9D}.Debug|x86.ActiveCfg = Debug|Win32
		{19C76F1B-E238-4E39-90CB-EBC1A8D7AA9D}.Debug|x86.Build.0 = Debug|Win32
		{19C76F1B-E238-4E39-90CB-EBC1A8D7AA9D}.Release|Any CPU.ActiveCfg = Release|Win32
		{19C76F1B-E238-4E39-90CB-EBC1A8D7AA9D}.Release|ARM.ActiveCfg = Release|Win32
		{19C76F1B-E238-4E39-90CB-EBC1A8D7AA9D}.Release|x64.ActiveCfg = Release|x64
		{19C76F1B-E238-4E39-90CB-EBC1A8D7AA9D}.Release|x64.Build.0 = Release|x64
		{19C76F1B-E238-4E39-90CB-EBC1A8D7AA9D}.Release|x86.ActiveCfg = Release|Win32
		{19C76F1B-E238-4E39-90CB-EBC1A8D7AA9D}.Release|x86.Build.0 = Release|Win32
		{70E5EECC-0846-435F-B517-CA546A15BC02}.Debug|Any CPU.ActiveCfg = Debug|Any CPU
		{70E5EECC-0846-435F-B517-CA546A15BC02}.Debug|Any CPU.Build.0 = Debug|Any CPU
		{70E5EECC-0846-435F-B517-CA546A15BC02}.Debug|Any CPU.Deploy.0 = Debug|Any CPU
		{70E5EECC-0846-435F-B517-CA546A15BC02}.Debug|ARM.ActiveCfg = Debug|ARM
		{70E5EECC-0846-435F-B517-CA546A15BC02}.Debug|ARM.Build.0 = Debug|ARM
		{70E5EECC-0846-435F-B517-CA546A15BC02}.Debug|ARM.Deploy.0 = Debug|ARM
		{70E5EECC-0846-435F-B517-CA546A15BC02}.Debug|x64.ActiveCfg = Debug|x64
		{70E5EECC-0846-435F-B517-CA546A15BC02}.Debug|x64.Build.0 = Debug|x64
		{70E5EECC-0846-435F-B517-CA546A15BC02}.Debug|x64.Deploy.0 = Debug|x64
		{70E5EECC-0846-435F-B517-CA546A15BC02}.Debug|x86.ActiveCfg = Debug|x86
		{70E5EECC-0846-435F-B517-CA546A15BC02}.Debug|x86.Build.0 = Debug|x86
		{70E5EECC-0846-435F-B517-CA546A15BC02}.Debug|x86.Deploy.0 = Debug|x86
		{70E5EECC-0846-435F-B517-CA546A15BC02}.Release|Any CPU.ActiveCfg = Release|Any CPU
		{70E5EECC-0846-435F-B517-CA546A15BC02}.Release|Any CPU.Build.0 = Release|Any CPU
		{70E5EECC-0846-435F-B517-CA546A15BC02}.Release|Any CPU.Deploy.0 = Release|Any CPU
		{70E5EECC-0846-435F-B517-CA546A15BC02}.Release|ARM.ActiveCfg = Release|ARM
		{70E5EECC-0846-435F-B517-CA546A15BC02}.Release|ARM.Build.0 = Release|ARM
		{70E5EECC-0846-435F-B517-CA546A15BC02}.Release|ARM.Deploy.0 = Release|ARM
		{70E5EECC-0846-435F-B517-CA546A15BC02}.Release|x64.ActiveCfg = Release|x64
		{70E5EECC-0846-435F-B517-CA546A15BC02}.Release|x64.Build.0 = Release|x64
		{70E5EECC-0846-435F-B517-CA546A15BC02}.Release|x64.Deploy.0 = Release|x64
		{70E5EECC-0846-435F-B517-CA546A15BC02}.Release|x86.ActiveCfg = Release|x86
		{70E5EECC-0846-435F-B517-CA546A15BC02}.Release|x86.Build.0 = Release|x86
		{70E5EECC-0846-435F-B517-CA546A15BC02}.Release|x86.Deploy.0 = Release|x86
	EndGlobalSection
	GlobalSection(SolutionProperties) = preSolution
		HideSolutionNode = FALSE
	EndGlobalSection
EndGlobal
